
Microsoft Visual Studio Solution File, Format Version 12.00
# Visual Studio 15
VisualStudioVersion = 15.0.26228.10
MinimumVisualStudioVersion = 10.0.40219.1
Project("{FAE04EC0-301F-11D3-BF4B-00C04F79EFBC}") = "Pacman", "Pacman\Pacman.csproj", "{3094FB82-7998-4CA1-AA75-3CA8C46B541C}"
EndProject
Project("{FAE04EC0-301F-11D3-BF4B-00C04F79EFBC}") = "LevelCreator", "LevelCreator\LevelCreator.csproj", "{B1F96738-B9CC-45DD-A332-1BD22723C052}"
EndProject
Global
	GlobalSection(SolutionConfigurationPlatforms) = preSolution
		Debug|Any CPU = Debug|Any CPU
		Release|Any CPU = Release|Any CPU
	EndGlobalSection
	GlobalSection(ProjectConfigurationPlatforms) = postSolution
		{3094FB82-7998-4CA1-AA75-3CA8C46B541C}.Debug|Any CPU.ActiveCfg = Debug|Any CPU
		{3094FB82-7998-4CA1-AA75-3CA8C46B541C}.Debug|Any CPU.Build.0 = Debug|Any CPU
		{3094FB82-7998-4CA1-AA75-3CA8C46B541C}.Release|Any CPU.ActiveCfg = Release|Any CPU
		{3094FB82-7998-4CA1-AA75-3CA8C46B541C}.Release|Any CPU.Build.0 = Release|Any CPU
		{B1F96738-B9CC-45DD-A332-1BD22723C052}.Debug|Any CPU.ActiveCfg = Debug|Any CPU
		{B1F96738-B9CC-45DD-A332-1BD22723C052}.Debug|Any CPU.Build.0 = Debug|Any CPU
		{B1F96738-B9CC-45DD-A332-1BD22723C052}.Release|Any CPU.ActiveCfg = Release|Any CPU
		{B1F96738-B9CC-45DD-A332-1BD22723C052}.Release|Any CPU.Build.0 = Release|Any CPU
	EndGlobalSection
	GlobalSection(SolutionProperties) = preSolution
		HideSolutionNode = FALSE
	EndGlobalSection
EndGlobal
